
Microsoft Visual Studio Solution File, Format Version 12.00
# Visual Studio Version 16
VisualStudioVersion = 16.0.30611.23
MinimumVisualStudioVersion = 10.0.40219.1
Project("{FAE04EC0-301F-11D3-BF4B-00C04F79EFBC}") = "ITMO.WindowsApps.CSharp.Lab05-03", "ITMO.WindowsApps.CSharp.Lab05-03.csproj", "{CEAA57CA-0BB4-465B-8109-18153EBD91AF}"
EndProject
Global
	GlobalSection(SolutionConfigurationPlatforms) = preSolution
		Debug|Any CPU = Debug|Any CPU
		Release|Any CPU = Release|Any CPU
	EndGlobalSection
	GlobalSection(ProjectConfigurationPlatforms) = postSolution
		{CEAA57CA-0BB4-465B-8109-18153EBD91AF}.Debug|Any CPU.ActiveCfg = Debug|Any CPU
		{CEAA57CA-0BB4-465B-8109-18153EBD91AF}.Debug|Any CPU.Build.0 = Debug|Any CPU
		{CEAA57CA-0BB4-465B-8109-18153EBD91AF}.Release|Any CPU.ActiveCfg = Release|Any CPU
		{CEAA57CA-0BB4-465B-8109-18153EBD91AF}.Release|Any CPU.Build.0 = Release|Any CPU
	EndGlobalSection
	GlobalSection(SolutionProperties) = preSolution
		HideSolutionNode = FALSE
	EndGlobalSection
	GlobalSection(ExtensibilityGlobals) = postSolution
		SolutionGuid = {16A0F6AF-A05F-40A8-B1C7-91B7028DDD46}
	EndGlobalSection
EndGlobal
