
Microsoft Visual Studio Solution File, Format Version 12.00
# Visual Studio Version 16
VisualStudioVersion = 16.0.30611.23
MinimumVisualStudioVersion = 10.0.40219.1
Project("{FAE04EC0-301F-11D3-BF4B-00C04F79EFBC}") = "ITMO.WindowsApps.CSharp.Lab01-05-1", "ITMO.WindowsApps.CSharp.Lab01-05-1.csproj", "{2747E8DB-C36C-46CC-9625-DFE2F89AD337}"
EndProject
Global
	GlobalSection(SolutionConfigurationPlatforms) = preSolution
		Debug|Any CPU = Debug|Any CPU
		Release|Any CPU = Release|Any CPU
	EndGlobalSection
	GlobalSection(ProjectConfigurationPlatforms) = postSolution
		{2747E8DB-C36C-46CC-9625-DFE2F89AD337}.Debug|Any CPU.ActiveCfg = Debug|Any CPU
		{2747E8DB-C36C-46CC-9625-DFE2F89AD337}.Debug|Any CPU.Build.0 = Debug|Any CPU
		{2747E8DB-C36C-46CC-9625-DFE2F89AD337}.Release|Any CPU.ActiveCfg = Release|Any CPU
		{2747E8DB-C36C-46CC-9625-DFE2F89AD337}.Release|Any CPU.Build.0 = Release|Any CPU
	EndGlobalSection
	GlobalSection(SolutionProperties) = preSolution
		HideSolutionNode = FALSE
	EndGlobalSection
	GlobalSection(ExtensibilityGlobals) = postSolution
		SolutionGuid = {8073671C-ECE0-43F5-861C-4F9BABBF17DA}
	EndGlobalSection
EndGlobal
